
Microsoft Visual Studio Solution File, Format Version 11.00
# Visual Studio 2010
Project("{F184B08F-C81C-45F6-A57F-5ABD9991F28F}") = "TpPaginaVentasPC", "TpPaginaVentasPC\TpPaginaVentasPC.vbproj", "{76E63A98-60F0-4856-A48A-A87F4C5903BB}"
EndProject
Project("{F184B08F-C81C-45F6-A57F-5ABD9991F28F}") = "Datos", "Datos\Datos.vbproj", "{93C9ED0D-67C7-47F7-A1FC-684D697B9FF0}"
EndProject
Project("{F184B08F-C81C-45F6-A57F-5ABD9991F28F}") = "Entidades", "Entidades\Entidades.vbproj", "{7A6C6078-A3EF-4AC0-99F4-B498A5E470C1}"
EndProject
Project("{F184B08F-C81C-45F6-A57F-5ABD9991F28F}") = "Negocio", "Negocioo\Negocio.vbproj", "{D629CD1D-35F3-4E24-A459-C91D9DC2FC02}"
EndProject
Global
	GlobalSection(SolutionConfigurationPlatforms) = preSolution
		Debug|Any CPU = Debug|Any CPU
		Debug|Mixed Platforms = Debug|Mixed Platforms
		Debug|x86 = Debug|x86
		Release|Any CPU = Release|Any CPU
		Release|Mixed Platforms = Release|Mixed Platforms
		Release|x86 = Release|x86
	EndGlobalSection
	GlobalSection(ProjectConfigurationPlatforms) = postSolution
		{76E63A98-60F0-4856-A48A-A87F4C5903BB}.Debug|Any CPU.ActiveCfg = Debug|Any CPU
		{76E63A98-60F0-4856-A48A-A87F4C5903BB}.Debug|Any CPU.Build.0 = Debug|Any CPU
		{76E63A98-60F0-4856-A48A-A87F4C5903BB}.Debug|Mixed Platforms.ActiveCfg = Debug|Any CPU
		{76E63A98-60F0-4856-A48A-A87F4C5903BB}.Debug|Mixed Platforms.Build.0 = Debug|Any CPU
		{76E63A98-60F0-4856-A48A-A87F4C5903BB}.Debug|x86.ActiveCfg = Debug|Any CPU
		{76E63A98-60F0-4856-A48A-A87F4C5903BB}.Release|Any CPU.ActiveCfg = Release|Any CPU
		{76E63A98-60F0-4856-A48A-A87F4C5903BB}.Release|Any CPU.Build.0 = Release|Any CPU
		{76E63A98-60F0-4856-A48A-A87F4C5903BB}.Release|Mixed Platforms.ActiveCfg = Release|Any CPU
		{76E63A98-60F0-4856-A48A-A87F4C5903BB}.Release|Mixed Platforms.Build.0 = Release|Any CPU
		{76E63A98-60F0-4856-A48A-A87F4C5903BB}.Release|x86.ActiveCfg = Release|Any CPU
		{93C9ED0D-67C7-47F7-A1FC-684D697B9FF0}.Debug|Any CPU.ActiveCfg = Debug|x86
		{93C9ED0D-67C7-47F7-A1FC-684D697B9FF0}.Debug|Mixed Platforms.ActiveCfg = Debug|x86
		{93C9ED0D-67C7-47F7-A1FC-684D697B9FF0}.Debug|Mixed Platforms.Build.0 = Debug|x86
		{93C9ED0D-67C7-47F7-A1FC-684D697B9FF0}.Debug|x86.ActiveCfg = Debug|x86
		{93C9ED0D-67C7-47F7-A1FC-684D697B9FF0}.Debug|x86.Build.0 = Debug|x86
		{93C9ED0D-67C7-47F7-A1FC-684D697B9FF0}.Release|Any CPU.ActiveCfg = Release|x86
		{93C9ED0D-67C7-47F7-A1FC-684D697B9FF0}.Release|Mixed Platforms.ActiveCfg = Release|x86
		{93C9ED0D-67C7-47F7-A1FC-684D697B9FF0}.Release|Mixed Platforms.Build.0 = Release|x86
		{93C9ED0D-67C7-47F7-A1FC-684D697B9FF0}.Release|x86.ActiveCfg = Release|x86
		{93C9ED0D-67C7-47F7-A1FC-684D697B9FF0}.Release|x86.Build.0 = Release|x86
		{7A6C6078-A3EF-4AC0-99F4-B498A5E470C1}.Debug|Any CPU.ActiveCfg = Debug|x86
		{7A6C6078-A3EF-4AC0-99F4-B498A5E470C1}.Debug|Mixed Platforms.ActiveCfg = Debug|x86
		{7A6C6078-A3EF-4AC0-99F4-B498A5E470C1}.Debug|Mixed Platforms.Build.0 = Debug|x86
		{7A6C6078-A3EF-4AC0-99F4-B498A5E470C1}.Debug|x86.ActiveCfg = Debug|x86
		{7A6C6078-A3EF-4AC0-99F4-B498A5E470C1}.Debug|x86.Build.0 = Debug|x86
		{7A6C6078-A3EF-4AC0-99F4-B498A5E470C1}.Release|Any CPU.ActiveCfg = Release|x86
		{7A6C6078-A3EF-4AC0-99F4-B498A5E470C1}.Release|Mixed Platforms.ActiveCfg = Release|x86
		{7A6C6078-A3EF-4AC0-99F4-B498A5E470C1}.Release|Mixed Platforms.Build.0 = Release|x86
		{7A6C6078-A3EF-4AC0-99F4-B498A5E470C1}.Release|x86.ActiveCfg = Release|x86
		{7A6C6078-A3EF-4AC0-99F4-B498A5E470C1}.Release|x86.Build.0 = Release|x86
		{D629CD1D-35F3-4E24-A459-C91D9DC2FC02}.Debug|Any CPU.ActiveCfg = Debug|x86
		{D629CD1D-35F3-4E24-A459-C91D9DC2FC02}.Debug|Mixed Platforms.ActiveCfg = Debug|x86
		{D629CD1D-35F3-4E24-A459-C91D9DC2FC02}.Debug|Mixed Platforms.Build.0 = Debug|x86
		{D629CD1D-35F3-4E24-A459-C91D9DC2FC02}.Debug|x86.ActiveCfg = Debug|x86
		{D629CD1D-35F3-4E24-A459-C91D9DC2FC02}.Debug|x86.Build.0 = Debug|x86
		{D629CD1D-35F3-4E24-A459-C91D9DC2FC02}.Release|Any CPU.ActiveCfg = Release|x86
		{D629CD1D-35F3-4E24-A459-C91D9DC2FC02}.Release|Mixed Platforms.ActiveCfg = Release|x86
		{D629CD1D-35F3-4E24-A459-C91D9DC2FC02}.Release|Mixed Platforms.Build.0 = Release|x86
		{D629CD1D-35F3-4E24-A459-C91D9DC2FC02}.Release|x86.ActiveCfg = Release|x86
		{D629CD1D-35F3-4E24-A459-C91D9DC2FC02}.Release|x86.Build.0 = Release|x86
	EndGlobalSection
	GlobalSection(SolutionProperties) = preSolution
		HideSolutionNode = FALSE
	EndGlobalSection
EndGlobal
